
Microsoft Visual Studio Solution File, Format Version 12.00
# Visual Studio Version 17
VisualStudioVersion = 17.4.33213.308
MinimumVisualStudioVersion = 10.0.40219.1
Project("{FAE04EC0-301F-11D3-BF4B-00C04F79EFBC}") = "HowsHome", "HowsHome.csproj", "{29D523DE-9803-40D7-881E-A260A3A497E9}"
EndProject
Global
	GlobalSection(SolutionConfigurationPlatforms) = preSolution
		Debug|Any CPU = Debug|Any CPU
		Release|Any CPU = Release|Any CPU
	EndGlobalSection
	GlobalSection(ProjectConfigurationPlatforms) = postSolution
		{29D523DE-9803-40D7-881E-A260A3A497E9}.Debug|Any CPU.ActiveCfg = Debug|Any CPU
		{29D523DE-9803-40D7-881E-A260A3A497E9}.Debug|Any CPU.Build.0 = Debug|Any CPU
		{29D523DE-9803-40D7-881E-A260A3A497E9}.Release|Any CPU.ActiveCfg = Release|Any CPU
		{29D523DE-9803-40D7-881E-A260A3A497E9}.Release|Any CPU.Build.0 = Release|Any CPU
	EndGlobalSection
	GlobalSection(SolutionProperties) = preSolution
		HideSolutionNode = FALSE
	EndGlobalSection
	GlobalSection(ExtensibilityGlobals) = postSolution
		SolutionGuid = {9AA19409-FD06-4DB3-A780-086EB8C3F9EE}
	EndGlobalSection
EndGlobal
